
Microsoft Visual Studio Solution File, Format Version 12.00
# Visual Studio Version 16
VisualStudioVersion = 16.0.30104.148
MinimumVisualStudioVersion = 10.0.40219.1
Project("{FAE04EC0-301F-11D3-BF4B-00C04F79EFBC}") = "LoowooTech.Land.Zhoushan", "LoowooTech.Land.Zhoushan\LoowooTech.Land.Zhoushan.csproj", "{8134C038-0A92-4CDE-B3F0-109BF84489D8}"
EndProject
Project("{FAE04EC0-301F-11D3-BF4B-00C04F79EFBC}") = "LoowooTech.Land.Zhoushan.Web", "LoowooTech.Land.Zhoushan.Web\LoowooTech.Land.Zhoushan.Web.csproj", "{0E457AF1-813F-4D05-89D1-F2C8F3944DBE}"
EndProject
Project("{2150E333-8FDC-42A3-9474-1A3956D46DE8}") = "docs", "docs", "{41136D72-6CF1-4E39-881B-916845111496}"
	ProjectSection(SolutionItems) = preProject
		docs\update.sql = docs\update.sql
		docs\zhoushanland.sql = docs\zhoushanland.sql
		docs\舟山系统UI.xlsx = docs\舟山系统UI.xlsx
	EndProjectSection
EndProject
Project("{FAE04EC0-301F-11D3-BF4B-00C04F79EFBC}") = "LoowooTech.Land.ZhoushanTests", "LoowooTech.Land.ZhoushanTests\LoowooTech.Land.ZhoushanTests.csproj", "{5CFAE38C-FFA0-43D5-BF7A-2AF1373E8D22}"
EndProject
Global
	GlobalSection(SolutionConfigurationPlatforms) = preSolution
		Debug|Any CPU = Debug|Any CPU
		Release|Any CPU = Release|Any CPU
	EndGlobalSection
	GlobalSection(ProjectConfigurationPlatforms) = postSolution
		{8134C038-0A92-4CDE-B3F0-109BF84489D8}.Debug|Any CPU.ActiveCfg = Debug|Any CPU
		{8134C038-0A92-4CDE-B3F0-109BF84489D8}.Debug|Any CPU.Build.0 = Debug|Any CPU
		{8134C038-0A92-4CDE-B3F0-109BF84489D8}.Release|Any CPU.ActiveCfg = Release|Any CPU
		{8134C038-0A92-4CDE-B3F0-109BF84489D8}.Release|Any CPU.Build.0 = Release|Any CPU
		{0E457AF1-813F-4D05-89D1-F2C8F3944DBE}.Debug|Any CPU.ActiveCfg = Debug|Any CPU
		{0E457AF1-813F-4D05-89D1-F2C8F3944DBE}.Debug|Any CPU.Build.0 = Debug|Any CPU
		{0E457AF1-813F-4D05-89D1-F2C8F3944DBE}.Release|Any CPU.ActiveCfg = Release|Any CPU
		{0E457AF1-813F-4D05-89D1-F2C8F3944DBE}.Release|Any CPU.Build.0 = Release|Any CPU
		{5CFAE38C-FFA0-43D5-BF7A-2AF1373E8D22}.Debug|Any CPU.ActiveCfg = Debug|Any CPU
		{5CFAE38C-FFA0-43D5-BF7A-2AF1373E8D22}.Debug|Any CPU.Build.0 = Debug|Any CPU
		{5CFAE38C-FFA0-43D5-BF7A-2AF1373E8D22}.Release|Any CPU.ActiveCfg = Release|Any CPU
		{5CFAE38C-FFA0-43D5-BF7A-2AF1373E8D22}.Release|Any CPU.Build.0 = Release|Any CPU
	EndGlobalSection
	GlobalSection(SolutionProperties) = preSolution
		HideSolutionNode = FALSE
	EndGlobalSection
	GlobalSection(ExtensibilityGlobals) = postSolution
		SolutionGuid = {75B90959-39B8-46B9-AB62-C00D705C48BB}
	EndGlobalSection
EndGlobal
